
Microsoft Visual Studio Solution File, Format Version 12.00
# Visual Studio Version 16
VisualStudioVersion = 16.0.29926.136
MinimumVisualStudioVersion = 10.0.40219.1
Project("{8BC9CEB8-8B4A-11D0-8D11-00A0C91BC942}") = "ConsoleApplication25", "ConsoleApplication25\ConsoleApplication25.vcxproj", "{E052D4EE-2AC4-46BC-83B1-3A2F78CFB655}"
EndProject
Global
	GlobalSection(SolutionConfigurationPlatforms) = preSolution
		Debug|x64 = Debug|x64
		Debug|x86 = Debug|x86
		Release|x64 = Release|x64
		Release|x86 = Release|x86
	EndGlobalSection
	GlobalSection(ProjectConfigurationPlatforms) = postSolution
		{E052D4EE-2AC4-46BC-83B1-3A2F78CFB655}.Debug|x64.ActiveCfg = Debug|x64
		{E052D4EE-2AC4-46BC-83B1-3A2F78CFB655}.Debug|x64.Build.0 = Debug|x64
		{E052D4EE-2AC4-46BC-83B1-3A2F78CFB655}.Debug|x86.ActiveCfg = Debug|Win32
		{E052D4EE-2AC4-46BC-83B1-3A2F78CFB655}.Debug|x86.Build.0 = Debug|Win32
		{E052D4EE-2AC4-46BC-83B1-3A2F78CFB655}.Release|x64.ActiveCfg = Release|x64
		{E052D4EE-2AC4-46BC-83B1-3A2F78CFB655}.Release|x64.Build.0 = Release|x64
		{E052D4EE-2AC4-46BC-83B1-3A2F78CFB655}.Release|x86.ActiveCfg = Release|Win32
		{E052D4EE-2AC4-46BC-83B1-3A2F78CFB655}.Release|x86.Build.0 = Release|Win32
	EndGlobalSection
	GlobalSection(SolutionProperties) = preSolution
		HideSolutionNode = FALSE
	EndGlobalSection
	GlobalSection(ExtensibilityGlobals) = postSolution
		SolutionGuid = {ACBF4AF8-EB1A-48E6-913E-8EAFDEE49F20}
	EndGlobalSection
EndGlobal
