
Microsoft Visual Studio Solution File, Format Version 12.00
# Visual Studio Version 16
VisualStudioVersion = 16.0.29728.190
MinimumVisualStudioVersion = 10.0.40219.1
Project("{8BC9CEB8-8B4A-11D0-8D11-00A0C91BC942}") = "ConsoleApplication1", "ConsoleApplication1\ConsoleApplication1.vcxproj", "{4C910DD4-DB07-452D-B40D-E2AB6687DBBD}"
EndProject
Global
	GlobalSection(SolutionConfigurationPlatforms) = preSolution
		Debug|x64 = Debug|x64
		Debug|x86 = Debug|x86
		Release|x64 = Release|x64
		Release|x86 = Release|x86
	EndGlobalSection
	GlobalSection(ProjectConfigurationPlatforms) = postSolution
		{4C910DD4-DB07-452D-B40D-E2AB6687DBBD}.Debug|x64.ActiveCfg = Debug|x64
		{4C910DD4-DB07-452D-B40D-E2AB6687DBBD}.Debug|x64.Build.0 = Debug|x64
		{4C910DD4-DB07-452D-B40D-E2AB6687DBBD}.Debug|x86.ActiveCfg = Debug|Win32
		{4C910DD4-DB07-452D-B40D-E2AB6687DBBD}.Debug|x86.Build.0 = Debug|Win32
		{4C910DD4-DB07-452D-B40D-E2AB6687DBBD}.Release|x64.ActiveCfg = Release|x64
		{4C910DD4-DB07-452D-B40D-E2AB6687DBBD}.Release|x64.Build.0 = Release|x64
		{4C910DD4-DB07-452D-B40D-E2AB6687DBBD}.Release|x86.ActiveCfg = Release|Win32
		{4C910DD4-DB07-452D-B40D-E2AB6687DBBD}.Release|x86.Build.0 = Release|Win32
	EndGlobalSection
	GlobalSection(SolutionProperties) = preSolution
		HideSolutionNode = FALSE
	EndGlobalSection
	GlobalSection(ExtensibilityGlobals) = postSolution
		SolutionGuid = {1B09FAE3-0ACD-434E-A23F-10CF1C071A16}
	EndGlobalSection
EndGlobal
