
Microsoft Visual Studio Solution File, Format Version 12.00
# Visual Studio Version 16
VisualStudioVersion = 16.0.29905.134
MinimumVisualStudioVersion = 10.0.40219.1
Project("{8BC9CEB8-8B4A-11D0-8D11-00A0C91BC942}") = "ConsoleApplication19", "ConsoleApplication19\ConsoleApplication19.vcxproj", "{86311369-BD98-4B8C-ADAC-2A77AD1D751D}"
EndProject
Global
	GlobalSection(SolutionConfigurationPlatforms) = preSolution
		Debug|x64 = Debug|x64
		Debug|x86 = Debug|x86
		Release|x64 = Release|x64
		Release|x86 = Release|x86
	EndGlobalSection
	GlobalSection(ProjectConfigurationPlatforms) = postSolution
		{86311369-BD98-4B8C-ADAC-2A77AD1D751D}.Debug|x64.ActiveCfg = Debug|x64
		{86311369-BD98-4B8C-ADAC-2A77AD1D751D}.Debug|x64.Build.0 = Debug|x64
		{86311369-BD98-4B8C-ADAC-2A77AD1D751D}.Debug|x86.ActiveCfg = Release|Win32
		{86311369-BD98-4B8C-ADAC-2A77AD1D751D}.Debug|x86.Build.0 = Release|Win32
		{86311369-BD98-4B8C-ADAC-2A77AD1D751D}.Release|x64.ActiveCfg = Release|x64
		{86311369-BD98-4B8C-ADAC-2A77AD1D751D}.Release|x64.Build.0 = Release|x64
		{86311369-BD98-4B8C-ADAC-2A77AD1D751D}.Release|x86.ActiveCfg = Release|Win32
		{86311369-BD98-4B8C-ADAC-2A77AD1D751D}.Release|x86.Build.0 = Release|Win32
	EndGlobalSection
	GlobalSection(SolutionProperties) = preSolution
		HideSolutionNode = FALSE
	EndGlobalSection
	GlobalSection(ExtensibilityGlobals) = postSolution
		SolutionGuid = {7C17121D-5A02-498D-B4D3-AE4538DBF8C3}
	EndGlobalSection
EndGlobal
